// !$*UTF8*$!
{
	archiveVersion = 1;
	classes = {
	};
	objectVersion = 56;
	objects = {

/* Begin PBXBuildFile section */
		22F6313E2C45E6D100AB07D0 /* dropperApp.swift in Sources */ = {isa = PBXBuildFile; fileRef = 22F6313D2C45E6D100AB07D0 /* dropperApp.swift */; };
		22F631442C45E6D200AB07D0 /* Assets.xcassets in Resources */ = {isa = PBXBuildFile; fileRef = 22F631432C45E6D200AB07D0 /* Assets.xcassets */; };
		22F631472C45E6D200AB07D0 /* Preview Assets.xcassets in Resources */ = {isa = PBXBuildFile; fileRef = 22F631462C45E6D200AB07D0 /* Preview Assets.xcassets */; };
		22F631532C45EA5600AB07D0 /* CardView.swift in Sources */ = {isa = PBXBuildFile; fileRef = 22F631522C45EA5600AB07D0 /* CardView.swift */; };
		22F631552C45EA6300AB07D0 /* ContentView.swift in Sources */ = {isa = PBXBuildFile; fileRef = 22F631542C45EA6300AB07D0 /* ContentView.swift */; };
		22F631572C45EA8100AB07D0 /* ColorNameFinder.swift in Sources */ = {isa = PBXBuildFile; fileRef = 22F631562C45EA8100AB07D0 /* ColorNameFinder.swift */; };
		22F631592C45EA9300AB07D0 /* UIColor+Extensions.swift in Sources */ = {isa = PBXBuildFile; fileRef = 22F631582C45EA9300AB07D0 /* UIColor+Extensions.swift */; };
		22F6315D2C45EAF000AB07D0 /* Card.swift in Sources */ = {isa = PBXBuildFile; fileRef = 22F6315C2C45EAF000AB07D0 /* Card.swift */; };
		22F6315F2C45EBDD00AB07D0 /* ntc.js in Resources */ = {isa = PBXBuildFile; fileRef = 22F6315E2C45EBDD00AB07D0 /* ntc.js */; };
		22F631622C460BB600AB07D0 /* Images.xcassets in Resources */ = {isa = PBXBuildFile; fileRef = 22F631612C460BB600AB07D0 /* Images.xcassets */; };
		22F631642C460D8F00AB07D0 /* 128x128.png in Resources */ = {isa = PBXBuildFile; fileRef = 22F631632C460D8F00AB07D0 /* 128x128.png */; };
		22F631662C460DC000AB07D0 /* Icon-Small-40@2x.png in Resources */ = {isa = PBXBuildFile; fileRef = 22F631652C460DC000AB07D0 /* Icon-Small-40@2x.png */; };
		22F631682C460DC600AB07D0 /* 1024x1024.png in Resources */ = {isa = PBXBuildFile; fileRef = 22F631672C460DC600AB07D0 /* 1024x1024.png */; };
		22F6316A2C460DD000AB07D0 /* Icon-76.png in Resources */ = {isa = PBXBuildFile; fileRef = 22F631692C460DD000AB07D0 /* Icon-76.png */; };
		22F6316D2C460DD400AB07D0 /* Icon-60@2x.png in Resources */ = {isa = PBXBuildFile; fileRef = 22F6316B2C460DD400AB07D0 /* Icon-60@2x.png */; };
/* End PBXBuildFile section */

/* Begin PBXFileReference section */
		22F6313A2C45E6D100AB07D0 /* dropper.app */ = {isa = PBXFileReference; explicitFileType = wrapper.application; includeInIndex = 0; path = dropper.app; sourceTree = BUILT_PRODUCTS_DIR; };
		22F6313D2C45E6D100AB07D0 /* dropperApp.swift */ = {isa = PBXFileReference; lastKnownFileType = sourcecode.swift; path = dropperApp.swift; sourceTree = "<group>"; };
		22F631432C45E6D200AB07D0 /* Assets.xcassets */ = {isa = PBXFileReference; lastKnownFileType = folder.assetcatalog; path = Assets.xcassets; sourceTree = "<group>"; };
		22F631462C45E6D200AB07D0 /* Preview Assets.xcassets */ = {isa = PBXFileReference; lastKnownFileType = folder.assetcatalog; path = "Preview Assets.xcassets"; sourceTree = "<group>"; };
		22F631522C45EA5600AB07D0 /* CardView.swift */ = {isa = PBXFileReference; lastKnownFileType = sourcecode.swift; path = CardView.swift; sourceTree = "<group>"; };
		22F631542C45EA6300AB07D0 /* ContentView.swift */ = {isa = PBXFileReference; lastKnownFileType = sourcecode.swift; path = ContentView.swift; sourceTree = "<group>"; };
		22F631562C45EA8100AB07D0 /* ColorNameFinder.swift */ = {isa = PBXFileReference; lastKnownFileType = sourcecode.swift; path = ColorNameFinder.swift; sourceTree = "<group>"; };
		22F631582C45EA9300AB07D0 /* UIColor+Extensions.swift */ = {isa = PBXFileReference; lastKnownFileType = sourcecode.swift; path = "UIColor+Extensions.swift"; sourceTree = "<group>"; };
		22F6315C2C45EAF000AB07D0 /* Card.swift */ = {isa = PBXFileReference; lastKnownFileType = sourcecode.swift; path = Card.swift; sourceTree = "<group>"; };
		22F6315E2C45EBDD00AB07D0 /* ntc.js */ = {isa = PBXFileReference; fileEncoding = 4; lastKnownFileType = sourcecode.javascript; path = ntc.js; sourceTree = "<group>"; };
		22F631602C4605E300AB07D0 /* Info.plist */ = {isa = PBXFileReference; lastKnownFileType = text.plist; path = Info.plist; sourceTree = "<group>"; };
		22F631612C460BB600AB07D0 /* Images.xcassets */ = {isa = PBXFileReference; lastKnownFileType = text; path = Images.xcassets; sourceTree = "<group>"; };
		22F631632C460D8F00AB07D0 /* 128x128.png */ = {isa = PBXFileReference; lastKnownFileType = image.png; path = 128x128.png; sourceTree = "<group>"; };
		22F631652C460DC000AB07D0 /* Icon-Small-40@2x.png */ = {isa = PBXFileReference; lastKnownFileType = image.png; path = "Icon-Small-40@2x.png"; sourceTree = "<group>"; };
		22F631672C460DC600AB07D0 /* 1024x1024.png */ = {isa = PBXFileReference; lastKnownFileType = image.png; path = 1024x1024.png; sourceTree = "<group>"; };
		22F631692C460DD000AB07D0 /* Icon-76.png */ = {isa = PBXFileReference; lastKnownFileType = image.png; path = "Icon-76.png"; sourceTree = "<group>"; };
		22F6316B2C460DD400AB07D0 /* Icon-60@2x.png */ = {isa = PBXFileReference; lastKnownFileType = image.png; path = "Icon-60@2x.png"; sourceTree = "<group>"; };
/* End PBXFileReference section */

/* Begin PBXFrameworksBuildPhase section */
		22F631372C45E6D100AB07D0 /* Frameworks */ = {
			isa = PBXFrameworksBuildPhase;
			buildActionMask = 2147483647;
			files = (
			);
			runOnlyForDeploymentPostprocessing = 0;
		};
/* End PBXFrameworksBuildPhase section */

/* Begin PBXGroup section */
		22F631312C45E6D100AB07D0 = {
			isa = PBXGroup;
			children = (
				22F631612C460BB600AB07D0 /* Images.xcassets */,
				22F6313C2C45E6D100AB07D0 /* dropper */,
				22F6313B2C45E6D100AB07D0 /* Products */,
			);
			sourceTree = "<group>";
		};
		22F6313B2C45E6D100AB07D0 /* Products */ = {
			isa = PBXGroup;
			children = (
				22F6313A2C45E6D100AB07D0 /* dropper.app */,
			);
			name = Products;
			sourceTree = "<group>";
		};
		22F6313C2C45E6D100AB07D0 /* dropper */ = {
			isa = PBXGroup;
			children = (
				22F631602C4605E300AB07D0 /* Info.plist */,
				22F6315E2C45EBDD00AB07D0 /* ntc.js */,
				22F6314F2C45EA1F00AB07D0 /* Helpers */,
				22F6314E2C45EA1B00AB07D0 /* Views */,
				22F6314D2C45EA1400AB07D0 /* Models */,
				22F6313D2C45E6D100AB07D0 /* dropperApp.swift */,
				22F631432C45E6D200AB07D0 /* Assets.xcassets */,
				22F631632C460D8F00AB07D0 /* 128x128.png */,
				22F6316B2C460DD400AB07D0 /* Icon-60@2x.png */,
				22F631672C460DC600AB07D0 /* 1024x1024.png */,
				22F631692C460DD000AB07D0 /* Icon-76.png */,
				22F631652C460DC000AB07D0 /* Icon-Small-40@2x.png */,
				22F631452C45E6D200AB07D0 /* Preview Content */,
			);
			path = dropper;
			sourceTree = "<group>";
		};
		22F631452C45E6D200AB07D0 /* Preview Content */ = {
			isa = PBXGroup;
			children = (
				22F631462C45E6D200AB07D0 /* Preview Assets.xcassets */,
			);
			path = "Preview Content";
			sourceTree = "<group>";
		};
		22F6314D2C45EA1400AB07D0 /* Models */ = {
			isa = PBXGroup;
			children = (
				22F6315C2C45EAF000AB07D0 /* Card.swift */,
			);
			path = Models;
			sourceTree = "<group>";
		};
		22F6314E2C45EA1B00AB07D0 /* Views */ = {
			isa = PBXGroup;
			children = (
				22F631522C45EA5600AB07D0 /* CardView.swift */,
				22F631542C45EA6300AB07D0 /* ContentView.swift */,
			);
			path = Views;
			sourceTree = "<group>";
		};
		22F6314F2C45EA1F00AB07D0 /* Helpers */ = {
			isa = PBXGroup;
			children = (
				22F631562C45EA8100AB07D0 /* ColorNameFinder.swift */,
				22F631582C45EA9300AB07D0 /* UIColor+Extensions.swift */,
			);
			path = Helpers;
			sourceTree = "<group>";
		};
/* End PBXGroup section */

/* Begin PBXNativeTarget section */
		22F631392C45E6D100AB07D0 /* dropper */ = {
			isa = PBXNativeTarget;
			buildConfigurationList = 22F6314A2C45E6D200AB07D0 /* Build configuration list for PBXNativeTarget "dropper" */;
			buildPhases = (
				22F631362C45E6D100AB07D0 /* Sources */,
				22F631372C45E6D100AB07D0 /* Frameworks */,
				22F631382C45E6D100AB07D0 /* Resources */,
			);
			buildRules = (
			);
			dependencies = (
			);
			name = dropper;
			productName = dropper;
			productReference = 22F6313A2C45E6D100AB07D0 /* dropper.app */;
			productType = "com.apple.product-type.application";
		};
/* End PBXNativeTarget section */

/* Begin PBXProject section */
		22F631322C45E6D100AB07D0 /* Project object */ = {
			isa = PBXProject;
			attributes = {
				BuildIndependentTargetsInParallel = 1;
				LastSwiftUpdateCheck = 1540;
				LastUpgradeCheck = 1540;
				TargetAttributes = {
					22F631392C45E6D100AB07D0 = {
						CreatedOnToolsVersion = 15.4;
					};
				};
			};
			buildConfigurationList = 22F631352C45E6D100AB07D0 /* Build configuration list for PBXProject "dropper" */;
			compatibilityVersion = "Xcode 14.0";
			developmentRegion = en;
			hasScannedForEncodings = 0;
			knownRegions = (
				en,
				Base,
			);
			mainGroup = 22F631312C45E6D100AB07D0;
			productRefGroup = 22F6313B2C45E6D100AB07D0 /* Products */;
			projectDirPath = "";
			projectRoot = "";
			targets = (
				22F631392C45E6D100AB07D0 /* dropper */,
			);
		};
/* End PBXProject section */

/* Begin PBXResourcesBuildPhase section */
		22F631382C45E6D100AB07D0 /* Resources */ = {
			isa = PBXResourcesBuildPhase;
			buildActionMask = 2147483647;
			files = (
				22F631472C45E6D200AB07D0 /* Preview Assets.xcassets in Resources */,
				22F6316A2C460DD000AB07D0 /* Icon-76.png in Resources */,
				22F631662C460DC000AB07D0 /* Icon-Small-40@2x.png in Resources */,
				22F631622C460BB600AB07D0 /* Images.xcassets in Resources */,
				22F631642C460D8F00AB07D0 /* 128x128.png in Resources */,
				22F6316D2C460DD400AB07D0 /* Icon-60@2x.png in Resources */,
				22F631442C45E6D200AB07D0 /* Assets.xcassets in Resources */,
				22F631682C460DC600AB07D0 /* 1024x1024.png in Resources */,
				22F6315F2C45EBDD00AB07D0 /* ntc.js in Resources */,
			);
			runOnlyForDeploymentPostprocessing = 0;
		};
/* End PBXResourcesBuildPhase section */

/* Begin PBXSourcesBuildPhase section */
		22F631362C45E6D100AB07D0 /* Sources */ = {
			isa = PBXSourcesBuildPhase;
			buildActionMask = 2147483647;
			files = (
				22F631552C45EA6300AB07D0 /* ContentView.swift in Sources */,
				22F631592C45EA9300AB07D0 /* UIColor+Extensions.swift in Sources */,
				22F631572C45EA8100AB07D0 /* ColorNameFinder.swift in Sources */,
				22F6313E2C45E6D100AB07D0 /* dropperApp.swift in Sources */,
				22F631532C45EA5600AB07D0 /* CardView.swift in Sources */,
				22F6315D2C45EAF000AB07D0 /* Card.swift in Sources */,
			);
			runOnlyForDeploymentPostprocessing = 0;
		};
/* End PBXSourcesBuildPhase section */

/* Begin XCBuildConfiguration section */
		22F631482C45E6D200AB07D0 /* Debug */ = {
			isa = XCBuildConfiguration;
			buildSettings = {
				ALWAYS_SEARCH_USER_PATHS = NO;
				ASSETCATALOG_COMPILER_GENERATE_SWIFT_ASSET_SYMBOL_EXTENSIONS = YES;
				CLANG_ANALYZER_NONNULL = YES;
				CLANG_ANALYZER_NUMBER_OBJECT_CONVERSION = YES_AGGRESSIVE;
				CLANG_CXX_LANGUAGE_STANDARD = "gnu++20";
				CLANG_ENABLE_MODULES = YES;
				CLANG_ENABLE_OBJC_ARC = YES;
				CLANG_ENABLE_OBJC_WEAK = YES;
				CLANG_WARN_BLOCK_CAPTURE_AUTORELEASING = YES;
				CLANG_WARN_BOOL_CONVERSION = YES;
				CLANG_WARN_COMMA = YES;
				CLANG_WARN_CONSTANT_CONVERSION = YES;
				CLANG_WARN_DEPRECATED_OBJC_IMPLEMENTATIONS = YES;
				CLANG_WARN_DIRECT_OBJC_ISA_USAGE = YES_ERROR;
				CLANG_WARN_DOCUMENTATION_COMMENTS = YES;
				CLANG_WARN_EMPTY_BODY = YES;
				CLANG_WARN_ENUM_CONVERSION = YES;
				CLANG_WARN_INFINITE_RECURSION = YES;
				CLANG_WARN_INT_CONVERSION = YES;
				CLANG_WARN_NON_LITERAL_NULL_CONVERSION = YES;
				CLANG_WARN_OBJC_IMPLICIT_RETAIN_SELF = YES;
				CLANG_WARN_OBJC_LITERAL_CONVERSION = YES;
				CLANG_WARN_OBJC_ROOT_CLASS = YES_ERROR;
				CLANG_WARN_QUOTED_INCLUDE_IN_FRAMEWORK_HEADER = YES;
				CLANG_WARN_RANGE_LOOP_ANALYSIS = YES;
				CLANG_WARN_STRICT_PROTOTYPES = YES;
				CLANG_WARN_SUSPICIOUS_MOVE = YES;
				CLANG_WARN_UNGUARDED_AVAILABILITY = YES_AGGRESSIVE;
				CLANG_WARN_UNREACHABLE_CODE = YES;
				CLANG_WARN__DUPLICATE_METHOD_MATCH = YES;
				COPY_PHASE_STRIP = NO;
				DEBUG_INFORMATION_FORMAT = dwarf;
				ENABLE_STRICT_OBJC_MSGSEND = YES;
				ENABLE_TESTABILITY = YES;
				ENABLE_USER_SCRIPT_SANDBOXING = YES;
				GCC_C_LANGUAGE_STANDARD = gnu17;
				GCC_DYNAMIC_NO_PIC = NO;
				GCC_NO_COMMON_BLOCKS = YES;
				GCC_OPTIMIZATION_LEVEL = 0;
				GCC_PREPROCESSOR_DEFINITIONS = (
					"DEBUG=1",
					"$(inherited)",
				);
				GCC_WARN_64_TO_32_BIT_CONVERSION = YES;
				GCC_WARN_ABOUT_RETURN_TYPE = YES_ERROR;
				GCC_WARN_UNDECLARED_SELECTOR = YES;
				GCC_WARN_UNINITIALIZED_AUTOS = YES_AGGRESSIVE;
				GCC_WARN_UNUSED_FUNCTION = YES;
				GCC_WARN_UNUSED_VARIABLE = YES;
				IPHONEOS_DEPLOYMENT_TARGET = 17.5;
				LOCALIZATION_PREFERS_STRING_CATALOGS = YES;
				MTL_ENABLE_DEBUG_INFO = INCLUDE_SOURCE;
				MTL_FAST_MATH = YES;
				ONLY_ACTIVE_ARCH = YES;
				SDKROOT = iphoneos;
				SWIFT_ACTIVE_COMPILATION_CONDITIONS = "DEBUG $(inherited)";
				SWIFT_OPTIMIZATION_LEVEL = "-Onone";
			};
			name = Debug;
		};
		22F631492C45E6D200AB07D0 /* Release */ = {
			isa = XCBuildConfiguration;
			buildSettings = {
				ALWAYS_SEARCH_USER_PATHS = NO;
				ASSETCATALOG_COMPILER_GENERATE_SWIFT_ASSET_SYMBOL_EXTENSIONS = YES;
				CLANG_ANALYZER_NONNULL = YES;
				CLANG_ANALYZER_NUMBER_OBJECT_CONVERSION = YES_AGGRESSIVE;
				CLANG_CXX_LANGUAGE_STANDARD = "gnu++20";
				CLANG_ENABLE_MODULES = YES;
				CLANG_ENABLE_OBJC_ARC = YES;
				CLANG_ENABLE_OBJC_WEAK = YES;
				CLANG_WARN_BLOCK_CAPTURE_AUTORELEASING = YES;
				CLANG_WARN_BOOL_CONVERSION = YES;
				CLANG_WARN_COMMA = YES;
				CLANG_WARN_CONSTANT_CONVERSION = YES;
				CLANG_WARN_DEPRECATED_OBJC_IMPLEMENTATIONS = YES;
				CLANG_WARN_DIRECT_OBJC_ISA_USAGE = YES_ERROR;
				CLANG_WARN_DOCUMENTATION_COMMENTS = YES;
				CLANG_WARN_EMPTY_BODY = YES;
				CLANG_WARN_ENUM_CONVERSION = YES;
				CLANG_WARN_INFINITE_RECURSION = YES;
				CLANG_WARN_INT_CONVERSION = YES;
				CLANG_WARN_NON_LITERAL_NULL_CONVERSION = YES;
				CLANG_WARN_OBJC_IMPLICIT_RETAIN_SELF = YES;
				CLANG_WARN_OBJC_LITERAL_CONVERSION = YES;
				CLANG_WARN_OBJC_ROOT_CLASS = YES_ERROR;
				CLANG_WARN_QUOTED_INCLUDE_IN_FRAMEWORK_HEADER = YES;
				CLANG_WARN_RANGE_LOOP_ANALYSIS = YES;
				CLANG_WARN_STRICT_PROTOTYPES = YES;
				CLANG_WARN_SUSPICIOUS_MOVE = YES;
				CLANG_WARN_UNGUARDED_AVAILABILITY = YES_AGGRESSIVE;
				CLANG_WARN_UNREACHABLE_CODE = YES;
				CLANG_WARN__DUPLICATE_METHOD_MATCH = YES;
				COPY_PHASE_STRIP = NO;
				DEBUG_INFORMATION_FORMAT = "dwarf-with-dsym";
				ENABLE_NS_ASSERTIONS = NO;
				ENABLE_STRICT_OBJC_MSGSEND = YES;
				ENABLE_USER_SCRIPT_SANDBOXING = YES;
				GCC_C_LANGUAGE_STANDARD = gnu17;
				GCC_NO_COMMON_BLOCKS = YES;
				GCC_WARN_64_TO_32_BIT_CONVERSION = YES;
				GCC_WARN_ABOUT_RETURN_TYPE = YES_ERROR;
				GCC_WARN_UNDECLARED_SELECTOR = YES;
				GCC_WARN_UNINITIALIZED_AUTOS = YES_AGGRESSIVE;
				GCC_WARN_UNUSED_FUNCTION = YES;
				GCC_WARN_UNUSED_VARIABLE = YES;
				IPHONEOS_DEPLOYMENT_TARGET = 17.5;
				LOCALIZATION_PREFERS_STRING_CATALOGS = YES;
				MTL_ENABLE_DEBUG_INFO = NO;
				MTL_FAST_MATH = YES;
				SDKROOT = iphoneos;
				SWIFT_COMPILATION_MODE = wholemodule;
				VALIDATE_PRODUCT = YES;
			};
			name = Release;
		};
		22F6314B2C45E6D200AB07D0 /* Debug */ = {
			isa = XCBuildConfiguration;
			buildSettings = {
				ASSETCATALOG_COMPILER_APPICON_NAME = AppIcon;
				ASSETCATALOG_COMPILER_GLOBAL_ACCENT_COLOR_NAME = AccentColor;
				ASSETCATALOG_COMPILER_INCLUDE_ALL_APPICON_ASSETS = YES;
				CODE_SIGN_STYLE = Automatic;
				CURRENT_PROJECT_VERSION = 1;
				DEVELOPMENT_ASSET_PATHS = "\"dropper/Preview Content\"";
				DEVELOPMENT_TEAM = J8L6HR8253;
				ENABLE_PREVIEWS = YES;
				GENERATE_INFOPLIST_FILE = YES;
				INFOPLIST_FILE = dropper/Info.plist;
				INFOPLIST_KEY_CFBundleDisplayName = Chrom;
				INFOPLIST_KEY_LSApplicationCategoryType = "public.app-category.puzzle-games";
				INFOPLIST_KEY_UIApplicationSceneManifest_Generation = YES;
				INFOPLIST_KEY_UIApplicationSupportsIndirectInputEvents = YES;
				INFOPLIST_KEY_UILaunchScreen_Generation = YES;
				INFOPLIST_KEY_UISupportedInterfaceOrientations = UIInterfaceOrientationPortrait;
				LD_RUNPATH_SEARCH_PATHS = (
					"$(inherited)",
					"@executable_path/Frameworks",
				);
				MARKETING_VERSION = 1.0;
				PRODUCT_BUNDLE_IDENTIFIER = nueron.tech.dropper;
				PRODUCT_NAME = "$(TARGET_NAME)";
				SUPPORTED_PLATFORMS = "iphoneos iphonesimulator";
				SUPPORTS_MACCATALYST = NO;
				SUPPORTS_MAC_DESIGNED_FOR_IPHONE_IPAD = NO;
				SUPPORTS_XR_DESIGNED_FOR_IPHONE_IPAD = NO;
				SWIFT_EMIT_LOC_STRINGS = YES;
				SWIFT_VERSION = 5.0;
				TARGETED_DEVICE_FAMILY = 1;
			};
			name = Debug;
		};
		22F6314C2C45E6D200AB07D0 /* Release */ = {
			isa = XCBuildConfiguration;
			buildSettings = {
				ASSETCATALOG_COMPILER_APPICON_NAME = AppIcon;
				ASSETCATALOG_COMPILER_GLOBAL_ACCENT_COLOR_NAME = AccentColor;
				ASSETCATALOG_COMPILER_INCLUDE_ALL_APPICON_ASSETS = YES;
				CODE_SIGN_STYLE = Automatic;
				CURRENT_PROJECT_VERSION = 1;
				DEVELOPMENT_ASSET_PATHS = "\"dropper/Preview Content\"";
				DEVELOPMENT_TEAM = J8L6HR8253;
				ENABLE_PREVIEWS = YES;
				GENERATE_INFOPLIST_FILE = YES;
				INFOPLIST_FILE = dropper/Info.plist;
				INFOPLIST_KEY_CFBundleDisplayName = Chrom;
				INFOPLIST_KEY_LSApplicationCategoryType = "public.app-category.puzzle-games";
				INFOPLIST_KEY_UIApplicationSceneManifest_Generation = YES;
				INFOPLIST_KEY_UIApplicationSupportsIndirectInputEvents = YES;
				INFOPLIST_KEY_UILaunchScreen_Generation = YES;
				INFOPLIST_KEY_UISupportedInterfaceOrientations = UIInterfaceOrientationPortrait;
				LD_RUNPATH_SEARCH_PATHS = (
					"$(inherited)",
					"@executable_path/Frameworks",
				);
				MARKETING_VERSION = 1.0;
				PRODUCT_BUNDLE_IDENTIFIER = nueron.tech.dropper;
				PRODUCT_NAME = "$(TARGET_NAME)";
				SUPPORTED_PLATFORMS = "iphoneos iphonesimulator";
				SUPPORTS_MACCATALYST = NO;
				SUPPORTS_MAC_DESIGNED_FOR_IPHONE_IPAD = NO;
				SUPPORTS_XR_DESIGNED_FOR_IPHONE_IPAD = NO;
				SWIFT_EMIT_LOC_STRINGS = YES;
				SWIFT_VERSION = 5.0;
				TARGETED_DEVICE_FAMILY = 1;
			};
			name = Release;
		};
/* End XCBuildConfiguration section */

/* Begin XCConfigurationList section */
		22F631352C45E6D100AB07D0 /* Build configuration list for PBXProject "dropper" */ = {
			isa = XCConfigurationList;
			buildConfigurations = (
				22F631482C45E6D200AB07D0 /* Debug */,
				22F631492C45E6D200AB07D0 /* Release */,
			);
			defaultConfigurationIsVisible = 0;
			defaultConfigurationName = Release;
		};
		22F6314A2C45E6D200AB07D0 /* Build configuration list for PBXNativeTarget "dropper" */ = {
			isa = XCConfigurationList;
			buildConfigurations = (
				22F6314B2C45E6D200AB07D0 /* Debug */,
				22F6314C2C45E6D200AB07D0 /* Release */,
			);
			defaultConfigurationIsVisible = 0;
			defaultConfigurationName = Release;
		};
/* End XCConfigurationList section */
	};
	rootObject = 22F631322C45E6D100AB07D0 /* Project object */;
}
